
Microsoft Visual Studio Solution File, Format Version 12.00
# Visual Studio Version 16
VisualStudioVersion = 16.0.30711.63
MinimumVisualStudioVersion = 10.0.40219.1
Project("{FAE04EC0-301F-11D3-BF4B-00C04F79EFBC}") = "QR-Imagenes", "QR-Imagenes.csproj", "{07159F6C-4E9D-4D14-B47A-C0A941436F97}"
EndProject
Global
	GlobalSection(SolutionConfigurationPlatforms) = preSolution
		Debug|Any CPU = Debug|Any CPU
		Release|Any CPU = Release|Any CPU
	EndGlobalSection
	GlobalSection(ProjectConfigurationPlatforms) = postSolution
		{07159F6C-4E9D-4D14-B47A-C0A941436F97}.Debug|Any CPU.ActiveCfg = Debug|Any CPU
		{07159F6C-4E9D-4D14-B47A-C0A941436F97}.Debug|Any CPU.Build.0 = Debug|Any CPU
		{07159F6C-4E9D-4D14-B47A-C0A941436F97}.Release|Any CPU.ActiveCfg = Release|Any CPU
		{07159F6C-4E9D-4D14-B47A-C0A941436F97}.Release|Any CPU.Build.0 = Release|Any CPU
	EndGlobalSection
	GlobalSection(SolutionProperties) = preSolution
		HideSolutionNode = FALSE
	EndGlobalSection
	GlobalSection(ExtensibilityGlobals) = postSolution
		SolutionGuid = {908DA168-F8F0-4388-83F4-A8B2706434D8}
	EndGlobalSection
EndGlobal
